
Microsoft Visual Studio Solution File, Format Version 12.00
# Visual Studio Version 17
VisualStudioVersion = 17.4.33213.308
MinimumVisualStudioVersion = 10.0.40219.1
Project("{FAE04EC0-301F-11D3-BF4B-00C04F79EFBC}") = "FactoryPattern", "FactoryPattern\FactoryPattern.csproj", "{B5593BD2-7224-41C6-9328-F0FD05DF55DF}"
EndProject
Global
	GlobalSection(SolutionConfigurationPlatforms) = preSolution
		Debug|Any CPU = Debug|Any CPU
		Release|Any CPU = Release|Any CPU
	EndGlobalSection
	GlobalSection(ProjectConfigurationPlatforms) = postSolution
		{B5593BD2-7224-41C6-9328-F0FD05DF55DF}.Debug|Any CPU.ActiveCfg = Debug|Any CPU
		{B5593BD2-7224-41C6-9328-F0FD05DF55DF}.Debug|Any CPU.Build.0 = Debug|Any CPU
		{B5593BD2-7224-41C6-9328-F0FD05DF55DF}.Release|Any CPU.ActiveCfg = Release|Any CPU
		{B5593BD2-7224-41C6-9328-F0FD05DF55DF}.Release|Any CPU.Build.0 = Release|Any CPU
	EndGlobalSection
	GlobalSection(SolutionProperties) = preSolution
		HideSolutionNode = FALSE
	EndGlobalSection
	GlobalSection(ExtensibilityGlobals) = postSolution
		SolutionGuid = {8B4AC38A-9FBB-41A3-83C7-43D946A5A3FB}
	EndGlobalSection
EndGlobal
